
Microsoft Visual Studio Solution File, Format Version 12.00
# Visual Studio Version 16
VisualStudioVersion = 16.0.31205.134
MinimumVisualStudioVersion = 10.0.40219.1
Project("{FAE04EC0-301F-11D3-BF4B-00C04F79EFBC}") = "Webpage-Password-by-force", "Webpage-Password-by-force\Webpage-Password-by-force.csproj", "{80F94E18-D709-4AFD-8296-817518EADE2C}"
EndProject
Global
	GlobalSection(SolutionConfigurationPlatforms) = preSolution
		Debug|Any CPU = Debug|Any CPU
		Release|Any CPU = Release|Any CPU
	EndGlobalSection
	GlobalSection(ProjectConfigurationPlatforms) = postSolution
		{80F94E18-D709-4AFD-8296-817518EADE2C}.Debug|Any CPU.ActiveCfg = Debug|Any CPU
		{80F94E18-D709-4AFD-8296-817518EADE2C}.Debug|Any CPU.Build.0 = Debug|Any CPU
		{80F94E18-D709-4AFD-8296-817518EADE2C}.Release|Any CPU.ActiveCfg = Release|Any CPU
		{80F94E18-D709-4AFD-8296-817518EADE2C}.Release|Any CPU.Build.0 = Release|Any CPU
	EndGlobalSection
	GlobalSection(SolutionProperties) = preSolution
		HideSolutionNode = FALSE
	EndGlobalSection
	GlobalSection(ExtensibilityGlobals) = postSolution
		SolutionGuid = {E840DE60-02AF-485C-920B-30BCA012209B}
	EndGlobalSection
EndGlobal
